// !$*UTF8*$!
{
	archiveVersion = 1;
	classes = {
	};
	objectVersion = 50;
	objects = {

/* Begin PBXBuildFile section */
		7D6B610724864B0D009C092E /* AppDelegate.swift in Sources */ = {isa = PBXBuildFile; fileRef = 7D6B610624864B0D009C092E /* AppDelegate.swift */; };
		7D6B610924864B0D009C092E /* SceneDelegate.swift in Sources */ = {isa = PBXBuildFile; fileRef = 7D6B610824864B0D009C092E /* SceneDelegate.swift */; };
		7D6B610B24864B0D009C092E /* WelcomeVC.swift in Sources */ = {isa = PBXBuildFile; fileRef = 7D6B610A24864B0D009C092E /* WelcomeVC.swift */; };
		7D6B611024864B0F009C092E /* Assets.xcassets in Resources */ = {isa = PBXBuildFile; fileRef = 7D6B610F24864B0F009C092E /* Assets.xcassets */; };
		7D6B611324864B0F009C092E /* LaunchScreen.storyboard in Resources */ = {isa = PBXBuildFile; fileRef = 7D6B611124864B0F009C092E /* LaunchScreen.storyboard */; };
		7D6B612224869B18009C092E /* WelcomeView.swift in Sources */ = {isa = PBXBuildFile; fileRef = 7D6B612124869B18009C092E /* WelcomeView.swift */; };
		7D6B612424869BA9009C092E /* UIView+Extension.swift in Sources */ = {isa = PBXBuildFile; fileRef = 7D6B612324869BA9009C092E /* UIView+Extension.swift */; };
		7D6B61262486B101009C092E /* WebVC.swift in Sources */ = {isa = PBXBuildFile; fileRef = 7D6B61252486B101009C092E /* WebVC.swift */; };
		7D6B61282486B3B5009C092E /* WebVC2.swift in Sources */ = {isa = PBXBuildFile; fileRef = 7D6B61272486B3B5009C092E /* WebVC2.swift */; };
		7D6B612A2486E5B1009C092E /* UIViewController+Extension.swift in Sources */ = {isa = PBXBuildFile; fileRef = 7D6B61292486E5B1009C092E /* UIViewController+Extension.swift */; };
		7D6B612C2486EE4F009C092E /* PinnedWebVC.swift in Sources */ = {isa = PBXBuildFile; fileRef = 7D6B612B2486EE4F009C092E /* PinnedWebVC.swift */; };
/* End PBXBuildFile section */

/* Begin PBXFileReference section */
		7D6B610324864B0D009C092E /* Appland.app */ = {isa = PBXFileReference; explicitFileType = wrapper.application; includeInIndex = 0; path = Appland.app; sourceTree = BUILT_PRODUCTS_DIR; };
		7D6B610624864B0D009C092E /* AppDelegate.swift */ = {isa = PBXFileReference; lastKnownFileType = sourcecode.swift; path = AppDelegate.swift; sourceTree = "<group>"; };
		7D6B610824864B0D009C092E /* SceneDelegate.swift */ = {isa = PBXFileReference; lastKnownFileType = sourcecode.swift; path = SceneDelegate.swift; sourceTree = "<group>"; };
		7D6B610A24864B0D009C092E /* WelcomeVC.swift */ = {isa = PBXFileReference; lastKnownFileType = sourcecode.swift; path = WelcomeVC.swift; sourceTree = "<group>"; };
		7D6B610F24864B0F009C092E /* Assets.xcassets */ = {isa = PBXFileReference; lastKnownFileType = folder.assetcatalog; path = Assets.xcassets; sourceTree = "<group>"; };
		7D6B611224864B0F009C092E /* Base */ = {isa = PBXFileReference; lastKnownFileType = file.storyboard; name = Base; path = Base.lproj/LaunchScreen.storyboard; sourceTree = "<group>"; };
		7D6B611424864B0F009C092E /* Info.plist */ = {isa = PBXFileReference; lastKnownFileType = text.plist.xml; path = Info.plist; sourceTree = "<group>"; };
		7D6B612124869B18009C092E /* WelcomeView.swift */ = {isa = PBXFileReference; lastKnownFileType = sourcecode.swift; path = WelcomeView.swift; sourceTree = "<group>"; };
		7D6B612324869BA9009C092E /* UIView+Extension.swift */ = {isa = PBXFileReference; lastKnownFileType = sourcecode.swift; path = "UIView+Extension.swift"; sourceTree = "<group>"; };
		7D6B61252486B101009C092E /* WebVC.swift */ = {isa = PBXFileReference; lastKnownFileType = sourcecode.swift; path = WebVC.swift; sourceTree = "<group>"; };
		7D6B61272486B3B5009C092E /* WebVC2.swift */ = {isa = PBXFileReference; lastKnownFileType = sourcecode.swift; path = WebVC2.swift; sourceTree = "<group>"; };
		7D6B61292486E5B1009C092E /* UIViewController+Extension.swift */ = {isa = PBXFileReference; lastKnownFileType = sourcecode.swift; path = "UIViewController+Extension.swift"; sourceTree = "<group>"; };
		7D6B612B2486EE4F009C092E /* PinnedWebVC.swift */ = {isa = PBXFileReference; lastKnownFileType = sourcecode.swift; path = PinnedWebVC.swift; sourceTree = "<group>"; };
/* End PBXFileReference section */

/* Begin PBXFrameworksBuildPhase section */
		7D6B610024864B0D009C092E /* Frameworks */ = {
			isa = PBXFrameworksBuildPhase;
			buildActionMask = 2147483647;
			files = (
			);
			runOnlyForDeploymentPostprocessing = 0;
		};
/* End PBXFrameworksBuildPhase section */

/* Begin PBXGroup section */
		7D6B60FA24864B0D009C092E = {
			isa = PBXGroup;
			children = (
				7D6B610524864B0D009C092E /* Appland */,
				7D6B610424864B0D009C092E /* Products */,
			);
			sourceTree = "<group>";
		};
		7D6B610424864B0D009C092E /* Products */ = {
			isa = PBXGroup;
			children = (
				7D6B610324864B0D009C092E /* Appland.app */,
			);
			name = Products;
			sourceTree = "<group>";
		};
		7D6B610524864B0D009C092E /* Appland */ = {
			isa = PBXGroup;
			children = (
				7D6B610824864B0D009C092E /* SceneDelegate.swift */,
				7D6B610624864B0D009C092E /* AppDelegate.swift */,
				7D6B611F24869721009C092E /* Controller */,
				7D6B611E24869719009C092E /* View */,
				7D6B61202486975B009C092E /* Extensions */,
				7D6B610F24864B0F009C092E /* Assets.xcassets */,
				7D6B611124864B0F009C092E /* LaunchScreen.storyboard */,
				7D6B611424864B0F009C092E /* Info.plist */,
			);
			path = Appland;
			sourceTree = "<group>";
		};
		7D6B611E24869719009C092E /* View */ = {
			isa = PBXGroup;
			children = (
				7D6B612124869B18009C092E /* WelcomeView.swift */,
			);
			path = View;
			sourceTree = "<group>";
		};
		7D6B611F24869721009C092E /* Controller */ = {
			isa = PBXGroup;
			children = (
				7D6B610A24864B0D009C092E /* WelcomeVC.swift */,
				7D6B61252486B101009C092E /* WebVC.swift */,
				7D6B61272486B3B5009C092E /* WebVC2.swift */,
				7D6B612B2486EE4F009C092E /* PinnedWebVC.swift */,
			);
			path = Controller;
			sourceTree = "<group>";
		};
		7D6B61202486975B009C092E /* Extensions */ = {
			isa = PBXGroup;
			children = (
				7D6B612324869BA9009C092E /* UIView+Extension.swift */,
				7D6B61292486E5B1009C092E /* UIViewController+Extension.swift */,
			);
			path = Extensions;
			sourceTree = "<group>";
		};
/* End PBXGroup section */

/* Begin PBXNativeTarget section */
		7D6B610224864B0D009C092E /* Appland */ = {
			isa = PBXNativeTarget;
			buildConfigurationList = 7D6B611724864B0F009C092E /* Build configuration list for PBXNativeTarget "Appland" */;
			buildPhases = (
				7D6B60FF24864B0D009C092E /* Sources */,
				7D6B610024864B0D009C092E /* Frameworks */,
				7D6B610124864B0D009C092E /* Resources */,
			);
			buildRules = (
			);
			dependencies = (
			);
			name = Appland;
			productName = Appland;
			productReference = 7D6B610324864B0D009C092E /* Appland.app */;
			productType = "com.apple.product-type.application";
		};
/* End PBXNativeTarget section */

/* Begin PBXProject section */
		7D6B60FB24864B0D009C092E /* Project object */ = {
			isa = PBXProject;
			attributes = {
				LastSwiftUpdateCheck = 1150;
				LastUpgradeCheck = 1150;
				ORGANIZATIONNAME = "Sebastian Strus";
				TargetAttributes = {
					7D6B610224864B0D009C092E = {
						CreatedOnToolsVersion = 11.5;
					};
				};
			};
			buildConfigurationList = 7D6B60FE24864B0D009C092E /* Build configuration list for PBXProject "Appland" */;
			compatibilityVersion = "Xcode 9.3";
			developmentRegion = en;
			hasScannedForEncodings = 0;
			knownRegions = (
				en,
				Base,
			);
			mainGroup = 7D6B60FA24864B0D009C092E;
			productRefGroup = 7D6B610424864B0D009C092E /* Products */;
			projectDirPath = "";
			projectRoot = "";
			targets = (
				7D6B610224864B0D009C092E /* Appland */,
			);
		};
/* End PBXProject section */

/* Begin PBXResourcesBuildPhase section */
		7D6B610124864B0D009C092E /* Resources */ = {
			isa = PBXResourcesBuildPhase;
			buildActionMask = 2147483647;
			files = (
				7D6B611324864B0F009C092E /* LaunchScreen.storyboard in Resources */,
				7D6B611024864B0F009C092E /* Assets.xcassets in Resources */,
			);
			runOnlyForDeploymentPostprocessing = 0;
		};
/* End PBXResourcesBuildPhase section */

/* Begin PBXSourcesBuildPhase section */
		7D6B60FF24864B0D009C092E /* Sources */ = {
			isa = PBXSourcesBuildPhase;
			buildActionMask = 2147483647;
			files = (
				7D6B612A2486E5B1009C092E /* UIViewController+Extension.swift in Sources */,
				7D6B610B24864B0D009C092E /* WelcomeVC.swift in Sources */,
				7D6B61262486B101009C092E /* WebVC.swift in Sources */,
				7D6B610724864B0D009C092E /* AppDelegate.swift in Sources */,
				7D6B610924864B0D009C092E /* SceneDelegate.swift in Sources */,
				7D6B612424869BA9009C092E /* UIView+Extension.swift in Sources */,
				7D6B612224869B18009C092E /* WelcomeView.swift in Sources */,
				7D6B612C2486EE4F009C092E /* PinnedWebVC.swift in Sources */,
				7D6B61282486B3B5009C092E /* WebVC2.swift in Sources */,
			);
			runOnlyForDeploymentPostprocessing = 0;
		};
/* End PBXSourcesBuildPhase section */

/* Begin PBXVariantGroup section */
		7D6B611124864B0F009C092E /* LaunchScreen.storyboard */ = {
			isa = PBXVariantGroup;
			children = (
				7D6B611224864B0F009C092E /* Base */,
			);
			name = LaunchScreen.storyboard;
			sourceTree = "<group>";
		};
/* End PBXVariantGroup section */

/* Begin XCBuildConfiguration section */
		7D6B611524864B0F009C092E /* Debug */ = {
			isa = XCBuildConfiguration;
			buildSettings = {
				ALWAYS_SEARCH_USER_PATHS = NO;
				CLANG_ANALYZER_NONNULL = YES;
				CLANG_ANALYZER_NUMBER_OBJECT_CONVERSION = YES_AGGRESSIVE;
				CLANG_CXX_LANGUAGE_STANDARD = "gnu++14";
				CLANG_CXX_LIBRARY = "libc++";
				CLANG_ENABLE_MODULES = YES;
				CLANG_ENABLE_OBJC_ARC = YES;
				CLANG_ENABLE_OBJC_WEAK = YES;
				CLANG_WARN_BLOCK_CAPTURE_AUTORELEASING = YES;
				CLANG_WARN_BOOL_CONVERSION = YES;
				CLANG_WARN_COMMA = YES;
				CLANG_WARN_CONSTANT_CONVERSION = YES;
				CLANG_WARN_DEPRECATED_OBJC_IMPLEMENTATIONS = YES;
				CLANG_WARN_DIRECT_OBJC_ISA_USAGE = YES_ERROR;
				CLANG_WARN_DOCUMENTATION_COMMENTS = YES;
				CLANG_WARN_EMPTY_BODY = YES;
				CLANG_WARN_ENUM_CONVERSION = YES;
				CLANG_WARN_INFINITE_RECURSION = YES;
				CLANG_WARN_INT_CONVERSION = YES;
				CLANG_WARN_NON_LITERAL_NULL_CONVERSION = YES;
				CLANG_WARN_OBJC_IMPLICIT_RETAIN_SELF = YES;
				CLANG_WARN_OBJC_LITERAL_CONVERSION = YES;
				CLANG_WARN_OBJC_ROOT_CLASS = YES_ERROR;
				CLANG_WARN_RANGE_LOOP_ANALYSIS = YES;
				CLANG_WARN_STRICT_PROTOTYPES = YES;
				CLANG_WARN_SUSPICIOUS_MOVE = YES;
				CLANG_WARN_UNGUARDED_AVAILABILITY = YES_AGGRESSIVE;
				CLANG_WARN_UNREACHABLE_CODE = YES;
				CLANG_WARN__DUPLICATE_METHOD_MATCH = YES;
				COPY_PHASE_STRIP = NO;
				DEBUG_INFORMATION_FORMAT = dwarf;
				ENABLE_STRICT_OBJC_MSGSEND = YES;
				ENABLE_TESTABILITY = YES;
				GCC_C_LANGUAGE_STANDARD = gnu11;
				GCC_DYNAMIC_NO_PIC = NO;
				GCC_NO_COMMON_BLOCKS = YES;
				GCC_OPTIMIZATION_LEVEL = 0;
				GCC_PREPROCESSOR_DEFINITIONS = (
					"DEBUG=1",
					"$(inherited)",
				);
				GCC_WARN_64_TO_32_BIT_CONVERSION = YES;
				GCC_WARN_ABOUT_RETURN_TYPE = YES_ERROR;
				GCC_WARN_UNDECLARED_SELECTOR = YES;
				GCC_WARN_UNINITIALIZED_AUTOS = YES_AGGRESSIVE;
				GCC_WARN_UNUSED_FUNCTION = YES;
				GCC_WARN_UNUSED_VARIABLE = YES;
				IPHONEOS_DEPLOYMENT_TARGET = 13.0;
				MTL_ENABLE_DEBUG_INFO = INCLUDE_SOURCE;
				MTL_FAST_MATH = YES;
				ONLY_ACTIVE_ARCH = YES;
				SDKROOT = iphoneos;
				SWIFT_ACTIVE_COMPILATION_CONDITIONS = DEBUG;
				SWIFT_OPTIMIZATION_LEVEL = "-Onone";
			};
			name = Debug;
		};
		7D6B611624864B0F009C092E /* Release */ = {
			isa = XCBuildConfiguration;
			buildSettings = {
				ALWAYS_SEARCH_USER_PATHS = NO;
				CLANG_ANALYZER_NONNULL = YES;
				CLANG_ANALYZER_NUMBER_OBJECT_CONVERSION = YES_AGGRESSIVE;
				CLANG_CXX_LANGUAGE_STANDARD = "gnu++14";
				CLANG_CXX_LIBRARY = "libc++";
				CLANG_ENABLE_MODULES = YES;
				CLANG_ENABLE_OBJC_ARC = YES;
				CLANG_ENABLE_OBJC_WEAK = YES;
				CLANG_WARN_BLOCK_CAPTURE_AUTORELEASING = YES;
				CLANG_WARN_BOOL_CONVERSION = YES;
				CLANG_WARN_COMMA = YES;
				CLANG_WARN_CONSTANT_CONVERSION = YES;
				CLANG_WARN_DEPRECATED_OBJC_IMPLEMENTATIONS = YES;
				CLANG_WARN_DIRECT_OBJC_ISA_USAGE = YES_ERROR;
				CLANG_WARN_DOCUMENTATION_COMMENTS = YES;
				CLANG_WARN_EMPTY_BODY = YES;
				CLANG_WARN_ENUM_CONVERSION = YES;
				CLANG_WARN_INFINITE_RECURSION = YES;
				CLANG_WARN_INT_CONVERSION = YES;
				CLANG_WARN_NON_LITERAL_NULL_CONVERSION = YES;
				CLANG_WARN_OBJC_IMPLICIT_RETAIN_SELF = YES;
				CLANG_WARN_OBJC_LITERAL_CONVERSION = YES;
				CLANG_WARN_OBJC_ROOT_CLASS = YES_ERROR;
				CLANG_WARN_RANGE_LOOP_ANALYSIS = YES;
				CLANG_WARN_STRICT_PROTOTYPES = YES;
				CLANG_WARN_SUSPICIOUS_MOVE = YES;
				CLANG_WARN_UNGUARDED_AVAILABILITY = YES_AGGRESSIVE;
				CLANG_WARN_UNREACHABLE_CODE = YES;
				CLANG_WARN__DUPLICATE_METHOD_MATCH = YES;
				COPY_PHASE_STRIP = NO;
				DEBUG_INFORMATION_FORMAT = "dwarf-with-dsym";
				ENABLE_NS_ASSERTIONS = NO;
				ENABLE_STRICT_OBJC_MSGSEND = YES;
				GCC_C_LANGUAGE_STANDARD = gnu11;
				GCC_NO_COMMON_BLOCKS = YES;
				GCC_WARN_64_TO_32_BIT_CONVERSION = YES;
				GCC_WARN_ABOUT_RETURN_TYPE = YES_ERROR;
				GCC_WARN_UNDECLARED_SELECTOR = YES;
				GCC_WARN_UNINITIALIZED_AUTOS = YES_AGGRESSIVE;
				GCC_WARN_UNUSED_FUNCTION = YES;
				GCC_WARN_UNUSED_VARIABLE = YES;
				IPHONEOS_DEPLOYMENT_TARGET = 13.0;
				MTL_ENABLE_DEBUG_INFO = NO;
				MTL_FAST_MATH = YES;
				SDKROOT = iphoneos;
				SWIFT_COMPILATION_MODE = wholemodule;
				SWIFT_OPTIMIZATION_LEVEL = "-O";
				VALIDATE_PRODUCT = YES;
			};
			name = Release;
		};
		7D6B611824864B0F009C092E /* Debug */ = {
			isa = XCBuildConfiguration;
			buildSettings = {
				ASSETCATALOG_COMPILER_APPICON_NAME = AppIcon;
				CODE_SIGN_STYLE = Automatic;
				DEVELOPMENT_TEAM = 4SL936GBZY;
				INFOPLIST_FILE = Appland/Info.plist;
				LD_RUNPATH_SEARCH_PATHS = (
					"$(inherited)",
					"@executable_path/Frameworks",
				);
				PRODUCT_BUNDLE_IDENTIFIER = com.sebastianstrus.Appland;
				PRODUCT_NAME = "$(TARGET_NAME)";
				SWIFT_VERSION = 5.0;
				TARGETED_DEVICE_FAMILY = "1,2";
			};
			name = Debug;
		};
		7D6B611924864B0F009C092E /* Release */ = {
			isa = XCBuildConfiguration;
			buildSettings = {
				ASSETCATALOG_COMPILER_APPICON_NAME = AppIcon;
				CODE_SIGN_STYLE = Automatic;
				DEVELOPMENT_TEAM = 4SL936GBZY;
				INFOPLIST_FILE = Appland/Info.plist;
				LD_RUNPATH_SEARCH_PATHS = (
					"$(inherited)",
					"@executable_path/Frameworks",
				);
				PRODUCT_BUNDLE_IDENTIFIER = com.sebastianstrus.Appland;
				PRODUCT_NAME = "$(TARGET_NAME)";
				SWIFT_VERSION = 5.0;
				TARGETED_DEVICE_FAMILY = "1,2";
			};
			name = Release;
		};
/* End XCBuildConfiguration section */

/* Begin XCConfigurationList section */
		7D6B60FE24864B0D009C092E /* Build configuration list for PBXProject "Appland" */ = {
			isa = XCConfigurationList;
			buildConfigurations = (
				7D6B611524864B0F009C092E /* Debug */,
				7D6B611624864B0F009C092E /* Release */,
			);
			defaultConfigurationIsVisible = 0;
			defaultConfigurationName = Release;
		};
		7D6B611724864B0F009C092E /* Build configuration list for PBXNativeTarget "Appland" */ = {
			isa = XCConfigurationList;
			buildConfigurations = (
				7D6B611824864B0F009C092E /* Debug */,
				7D6B611924864B0F009C092E /* Release */,
			);
			defaultConfigurationIsVisible = 0;
			defaultConfigurationName = Release;
		};
/* End XCConfigurationList section */
	};
	rootObject = 7D6B60FB24864B0D009C092E /* Project object */;
}
